// !$*UTF8*$!
{
	archiveVersion = 1;
	classes = {
	};
	objectVersion = 55;
	objects = {

/* Begin PBXBuildFile section */
		84E7551128462228008FA395 /* CustomTabBarController.swift in Sources */ = {isa = PBXBuildFile; fileRef = 84E7551028462228008FA395 /* CustomTabBarController.swift */; };
		84E755132846249C008FA395 /* UserViewController.swift in Sources */ = {isa = PBXBuildFile; fileRef = 84E755122846249C008FA395 /* UserViewController.swift */; };
		84E75515284624F8008FA395 /* PlayViewController.swift in Sources */ = {isa = PBXBuildFile; fileRef = 84E75514284624F8008FA395 /* PlayViewController.swift */; };
		84E755172846255B008FA395 /* BookmarkViewController.swift in Sources */ = {isa = PBXBuildFile; fileRef = 84E755162846255B008FA395 /* BookmarkViewController.swift */; };
		C9A6ECE52846244B00E3C535 /* NetworkManager.swift in Sources */ = {isa = PBXBuildFile; fileRef = C9A6ECE42846244B00E3C535 /* NetworkManager.swift */; };
		C9A6ECE72846252C00E3C535 /* ResponseMovies.swift in Sources */ = {isa = PBXBuildFile; fileRef = C9A6ECE62846252C00E3C535 /* ResponseMovies.swift */; };
		C9A6ECE928465B8900E3C535 /* ResponseTV.swift in Sources */ = {isa = PBXBuildFile; fileRef = C9A6ECE828465B8900E3C535 /* ResponseTV.swift */; };
		F0FB60B52844AD33008078E4 /* AppDelegate.swift in Sources */ = {isa = PBXBuildFile; fileRef = F0FB60B42844AD33008078E4 /* AppDelegate.swift */; };
		F0FB60B72844AD33008078E4 /* SceneDelegate.swift in Sources */ = {isa = PBXBuildFile; fileRef = F0FB60B62844AD33008078E4 /* SceneDelegate.swift */; };
		F0FB60B92844AD33008078E4 /* CatalogViewController.swift in Sources */ = {isa = PBXBuildFile; fileRef = F0FB60B82844AD33008078E4 /* CatalogViewController.swift */; };
		F0FB60BC2844AD33008078E4 /* Main.storyboard in Resources */ = {isa = PBXBuildFile; fileRef = F0FB60BA2844AD33008078E4 /* Main.storyboard */; };
		F0FB60BE2844AD34008078E4 /* Assets.xcassets in Resources */ = {isa = PBXBuildFile; fileRef = F0FB60BD2844AD34008078E4 /* Assets.xcassets */; };
		F0FB60C12844AD34008078E4 /* LaunchScreen.storyboard in Resources */ = {isa = PBXBuildFile; fileRef = F0FB60BF2844AD34008078E4 /* LaunchScreen.storyboard */; };
		FBA4E85F2844FB6400E77C7B /* Model.swift in Sources */ = {isa = PBXBuildFile; fileRef = FBA4E85E2844FB6400E77C7B /* Model.swift */; };
		FBCEA49228451E6D0075F7CE /* FilmsTableViewCell.swift in Sources */ = {isa = PBXBuildFile; fileRef = FBCEA49028451E6D0075F7CE /* FilmsTableViewCell.swift */; };
		FBCEA49328451E6D0075F7CE /* FilmsTableViewCell.xib in Resources */ = {isa = PBXBuildFile; fileRef = FBCEA49128451E6D0075F7CE /* FilmsTableViewCell.xib */; };
		FBCEA49728451E970075F7CE /* SerialsTableViewCell.swift in Sources */ = {isa = PBXBuildFile; fileRef = FBCEA49528451E970075F7CE /* SerialsTableViewCell.swift */; };
		FBCEA49828451E970075F7CE /* SerialsTableViewCell.xib in Resources */ = {isa = PBXBuildFile; fileRef = FBCEA49628451E970075F7CE /* SerialsTableViewCell.xib */; };
		FBCEA49B28451EAB0075F7CE /* Constants.swift in Sources */ = {isa = PBXBuildFile; fileRef = FBCEA49A28451EAB0075F7CE /* Constants.swift */; };
		FBCEA49F28451FB00075F7CE /* DetailViewController.swift in Sources */ = {isa = PBXBuildFile; fileRef = FBCEA49E28451FB00075F7CE /* DetailViewController.swift */; };
		FBCEA4A2284520130075F7CE /* ActorsListTableViewCell.swift in Sources */ = {isa = PBXBuildFile; fileRef = FBCEA4A0284520130075F7CE /* ActorsListTableViewCell.swift */; };
		FBCEA4A3284520130075F7CE /* ActorsListTableViewCell.xib in Resources */ = {isa = PBXBuildFile; fileRef = FBCEA4A1284520130075F7CE /* ActorsListTableViewCell.xib */; };
/* End PBXBuildFile section */

/* Begin PBXFileReference section */
		84E7551028462228008FA395 /* CustomTabBarController.swift */ = {isa = PBXFileReference; lastKnownFileType = sourcecode.swift; path = CustomTabBarController.swift; sourceTree = "<group>"; };
		84E755122846249C008FA395 /* UserViewController.swift */ = {isa = PBXFileReference; lastKnownFileType = sourcecode.swift; path = UserViewController.swift; sourceTree = "<group>"; };
		84E75514284624F8008FA395 /* PlayViewController.swift */ = {isa = PBXFileReference; lastKnownFileType = sourcecode.swift; path = PlayViewController.swift; sourceTree = "<group>"; };
		84E755162846255B008FA395 /* BookmarkViewController.swift */ = {isa = PBXFileReference; lastKnownFileType = sourcecode.swift; path = BookmarkViewController.swift; sourceTree = "<group>"; };
		C9A6ECE42846244B00E3C535 /* NetworkManager.swift */ = {isa = PBXFileReference; lastKnownFileType = sourcecode.swift; path = NetworkManager.swift; sourceTree = "<group>"; };
		C9A6ECE62846252C00E3C535 /* ResponseMovies.swift */ = {isa = PBXFileReference; lastKnownFileType = sourcecode.swift; path = ResponseMovies.swift; sourceTree = "<group>"; };
		C9A6ECE828465B8900E3C535 /* ResponseTV.swift */ = {isa = PBXFileReference; lastKnownFileType = sourcecode.swift; path = ResponseTV.swift; sourceTree = "<group>"; };
		F0FB60B12844AD33008078E4 /* ItakSoidetMovve.app */ = {isa = PBXFileReference; explicitFileType = wrapper.application; includeInIndex = 0; path = ItakSoidetMovve.app; sourceTree = BUILT_PRODUCTS_DIR; };
		F0FB60B42844AD33008078E4 /* AppDelegate.swift */ = {isa = PBXFileReference; lastKnownFileType = sourcecode.swift; path = AppDelegate.swift; sourceTree = "<group>"; };
		F0FB60B62844AD33008078E4 /* SceneDelegate.swift */ = {isa = PBXFileReference; lastKnownFileType = sourcecode.swift; path = SceneDelegate.swift; sourceTree = "<group>"; };
		F0FB60B82844AD33008078E4 /* CatalogViewController.swift */ = {isa = PBXFileReference; lastKnownFileType = sourcecode.swift; path = CatalogViewController.swift; sourceTree = "<group>"; };
		F0FB60BB2844AD33008078E4 /* Base */ = {isa = PBXFileReference; lastKnownFileType = file.storyboard; name = Base; path = Base.lproj/Main.storyboard; sourceTree = "<group>"; };
		F0FB60BD2844AD34008078E4 /* Assets.xcassets */ = {isa = PBXFileReference; lastKnownFileType = folder.assetcatalog; path = Assets.xcassets; sourceTree = "<group>"; };
		F0FB60C02844AD34008078E4 /* Base */ = {isa = PBXFileReference; lastKnownFileType = file.storyboard; name = Base; path = Base.lproj/LaunchScreen.storyboard; sourceTree = "<group>"; };
		F0FB60C22844AD34008078E4 /* Info.plist */ = {isa = PBXFileReference; lastKnownFileType = text.plist.xml; path = Info.plist; sourceTree = "<group>"; };
		F0FB60CB2844B313008078E4 /* README.md */ = {isa = PBXFileReference; lastKnownFileType = net.daringfireball.markdown; path = README.md; sourceTree = "<group>"; };
		FBA4E85E2844FB6400E77C7B /* Model.swift */ = {isa = PBXFileReference; lastKnownFileType = sourcecode.swift; path = Model.swift; sourceTree = "<group>"; };
		FBCEA49028451E6D0075F7CE /* FilmsTableViewCell.swift */ = {isa = PBXFileReference; lastKnownFileType = sourcecode.swift; path = FilmsTableViewCell.swift; sourceTree = "<group>"; };
		FBCEA49128451E6D0075F7CE /* FilmsTableViewCell.xib */ = {isa = PBXFileReference; lastKnownFileType = file.xib; path = FilmsTableViewCell.xib; sourceTree = "<group>"; };
		FBCEA49528451E970075F7CE /* SerialsTableViewCell.swift */ = {isa = PBXFileReference; lastKnownFileType = sourcecode.swift; path = SerialsTableViewCell.swift; sourceTree = "<group>"; };
		FBCEA49628451E970075F7CE /* SerialsTableViewCell.xib */ = {isa = PBXFileReference; lastKnownFileType = file.xib; path = SerialsTableViewCell.xib; sourceTree = "<group>"; };
		FBCEA49A28451EAB0075F7CE /* Constants.swift */ = {isa = PBXFileReference; lastKnownFileType = sourcecode.swift; path = Constants.swift; sourceTree = "<group>"; };
		FBCEA49E28451FB00075F7CE /* DetailViewController.swift */ = {isa = PBXFileReference; lastKnownFileType = sourcecode.swift; path = DetailViewController.swift; sourceTree = "<group>"; };
		FBCEA4A0284520130075F7CE /* ActorsListTableViewCell.swift */ = {isa = PBXFileReference; lastKnownFileType = sourcecode.swift; path = ActorsListTableViewCell.swift; sourceTree = "<group>"; };
		FBCEA4A1284520130075F7CE /* ActorsListTableViewCell.xib */ = {isa = PBXFileReference; lastKnownFileType = file.xib; path = ActorsListTableViewCell.xib; sourceTree = "<group>"; };
/* End PBXFileReference section */

/* Begin PBXFrameworksBuildPhase section */
		F0FB60AE2844AD33008078E4 /* Frameworks */ = {
			isa = PBXFrameworksBuildPhase;
			buildActionMask = 2147483647;
			files = (
			);
			runOnlyForDeploymentPostprocessing = 0;
		};
/* End PBXFrameworksBuildPhase section */

/* Begin PBXGroup section */
		C9A6ECE328461D8500E3C535 /* Network */ = {
			isa = PBXGroup;
			children = (
				C9A6ECE42846244B00E3C535 /* NetworkManager.swift */,
				C9A6ECE62846252C00E3C535 /* ResponseMovies.swift */,
				C9A6ECE828465B8900E3C535 /* ResponseTV.swift */,
			);
			name = Network;
			sourceTree = "<group>";
		};
		F0FB60A82844AD33008078E4 = {
			isa = PBXGroup;
			children = (
				F0FB60CB2844B313008078E4 /* README.md */,
				F0FB60B32844AD33008078E4 /* ItakSoidetMovve */,
				F0FB60B22844AD33008078E4 /* Products */,
			);
			sourceTree = "<group>";
		};
		F0FB60B22844AD33008078E4 /* Products */ = {
			isa = PBXGroup;
			children = (
				F0FB60B12844AD33008078E4 /* ItakSoidetMovve.app */,
			);
			name = Products;
			sourceTree = "<group>";
		};
		F0FB60B32844AD33008078E4 /* ItakSoidetMovve */ = {
			isa = PBXGroup;
			children = (
				C9A6ECE328461D8500E3C535 /* Network */,
				F0FB60BD2844AD34008078E4 /* Assets.xcassets */,
				F0FB60C22844AD34008078E4 /* Info.plist */,
				FBCEA49D28451EF80075F7CE /* SupportingFiles */,
				FBCEA49A28451EAB0075F7CE /* Constants.swift */,
				F0FB60C82844B16C008078E4 /* Controllers */,
				F0FB60C92844B186008078E4 /* Models */,
				FBCEA49C28451EE40075F7CE /* Storyboard */,
				F0FB60CA2844B1B0008078E4 /* Views */,
			);
			path = ItakSoidetMovve;
			sourceTree = "<group>";
		};
		F0FB60C82844B16C008078E4 /* Controllers */ = {
			isa = PBXGroup;
			children = (
				F0FB60B82844AD33008078E4 /* CatalogViewController.swift */,
				FBCEA49E28451FB00075F7CE /* DetailViewController.swift */,
				84E755122846249C008FA395 /* UserViewController.swift */,
				84E75514284624F8008FA395 /* PlayViewController.swift */,
				84E755162846255B008FA395 /* BookmarkViewController.swift */,
			);
			name = Controllers;
			sourceTree = "<group>";
		};
		F0FB60C92844B186008078E4 /* Models */ = {
			isa = PBXGroup;
			children = (
				FBA4E85E2844FB6400E77C7B /* Model.swift */,
			);
			name = Models;
			sourceTree = "<group>";
		};
		F0FB60CA2844B1B0008078E4 /* Views */ = {
			isa = PBXGroup;
			children = (
				FBCEA48F28451D420075F7CE /* Cells */,
			);
			name = Views;
			sourceTree = "<group>";
		};
		FBCEA48F28451D420075F7CE /* Cells */ = {
			isa = PBXGroup;
			children = (
				FBCEA49428451E800075F7CE /* FilmsCell */,
				FBCEA49928451E9C0075F7CE /* SerialsCell */,
				FBCEA4A4284520160075F7CE /* ActorsListCell */,
			);
			name = Cells;
			sourceTree = "<group>";
		};
		FBCEA49428451E800075F7CE /* FilmsCell */ = {
			isa = PBXGroup;
			children = (
				FBCEA49028451E6D0075F7CE /* FilmsTableViewCell.swift */,
				FBCEA49128451E6D0075F7CE /* FilmsTableViewCell.xib */,
			);
			name = FilmsCell;
			sourceTree = "<group>";
		};
		FBCEA49928451E9C0075F7CE /* SerialsCell */ = {
			isa = PBXGroup;
			children = (
				FBCEA49528451E970075F7CE /* SerialsTableViewCell.swift */,
				FBCEA49628451E970075F7CE /* SerialsTableViewCell.xib */,
			);
			name = SerialsCell;
			sourceTree = "<group>";
		};
		FBCEA49C28451EE40075F7CE /* Storyboard */ = {
			isa = PBXGroup;
			children = (
				F0FB60BA2844AD33008078E4 /* Main.storyboard */,
				F0FB60BF2844AD34008078E4 /* LaunchScreen.storyboard */,
			);
			name = Storyboard;
			sourceTree = "<group>";
		};
		FBCEA49D28451EF80075F7CE /* SupportingFiles */ = {
			isa = PBXGroup;
			children = (
				F0FB60B42844AD33008078E4 /* AppDelegate.swift */,
				F0FB60B62844AD33008078E4 /* SceneDelegate.swift */,
				84E7551028462228008FA395 /* CustomTabBarController.swift */,
			);
			name = SupportingFiles;
			sourceTree = "<group>";
		};
		FBCEA4A4284520160075F7CE /* ActorsListCell */ = {
			isa = PBXGroup;
			children = (
				FBCEA4A0284520130075F7CE /* ActorsListTableViewCell.swift */,
				FBCEA4A1284520130075F7CE /* ActorsListTableViewCell.xib */,
			);
			name = ActorsListCell;
			sourceTree = "<group>";
		};
/* End PBXGroup section */

/* Begin PBXNativeTarget section */
		F0FB60B02844AD33008078E4 /* ItakSoidetMovve */ = {
			isa = PBXNativeTarget;
			buildConfigurationList = F0FB60C52844AD34008078E4 /* Build configuration list for PBXNativeTarget "ItakSoidetMovve" */;
			buildPhases = (
				F0FB60AD2844AD33008078E4 /* Sources */,
				F0FB60AE2844AD33008078E4 /* Frameworks */,
				F0FB60AF2844AD33008078E4 /* Resources */,
			);
			buildRules = (
			);
			dependencies = (
			);
			name = ItakSoidetMovve;
			productName = ItakSoidetMovve;
			productReference = F0FB60B12844AD33008078E4 /* ItakSoidetMovve.app */;
			productType = "com.apple.product-type.application";
		};
/* End PBXNativeTarget section */

/* Begin PBXProject section */
		F0FB60A92844AD33008078E4 /* Project object */ = {
			isa = PBXProject;
			attributes = {
				BuildIndependentTargetsInParallel = 1;
				LastSwiftUpdateCheck = 1340;
				LastUpgradeCheck = 1340;
				TargetAttributes = {
					F0FB60B02844AD33008078E4 = {
						CreatedOnToolsVersion = 13.4;
					};
				};
			};
			buildConfigurationList = F0FB60AC2844AD33008078E4 /* Build configuration list for PBXProject "ItakSoidetMovve" */;
			compatibilityVersion = "Xcode 13.0";
			developmentRegion = en;
			hasScannedForEncodings = 0;
			knownRegions = (
				en,
				Base,
			);
			mainGroup = F0FB60A82844AD33008078E4;
			productRefGroup = F0FB60B22844AD33008078E4 /* Products */;
			projectDirPath = "";
			projectRoot = "";
			targets = (
				F0FB60B02844AD33008078E4 /* ItakSoidetMovve */,
			);
		};
/* End PBXProject section */

/* Begin PBXResourcesBuildPhase section */
		F0FB60AF2844AD33008078E4 /* Resources */ = {
			isa = PBXResourcesBuildPhase;
			buildActionMask = 2147483647;
			files = (
				F0FB60C12844AD34008078E4 /* LaunchScreen.storyboard in Resources */,
				FBCEA4A3284520130075F7CE /* ActorsListTableViewCell.xib in Resources */,
				FBCEA49328451E6D0075F7CE /* FilmsTableViewCell.xib in Resources */,
				FBCEA49828451E970075F7CE /* SerialsTableViewCell.xib in Resources */,
				F0FB60BE2844AD34008078E4 /* Assets.xcassets in Resources */,
				F0FB60BC2844AD33008078E4 /* Main.storyboard in Resources */,
			);
			runOnlyForDeploymentPostprocessing = 0;
		};
/* End PBXResourcesBuildPhase section */

/* Begin PBXSourcesBuildPhase section */
		F0FB60AD2844AD33008078E4 /* Sources */ = {
			isa = PBXSourcesBuildPhase;
			buildActionMask = 2147483647;
			files = (
				FBCEA4A2284520130075F7CE /* ActorsListTableViewCell.swift in Sources */,
				F0FB60B92844AD33008078E4 /* CatalogViewController.swift in Sources */,
				84E7551128462228008FA395 /* CustomTabBarController.swift in Sources */,
				84E755132846249C008FA395 /* UserViewController.swift in Sources */,
				C9A6ECE928465B8900E3C535 /* ResponseTV.swift in Sources */,
				84E75515284624F8008FA395 /* PlayViewController.swift in Sources */,
				C9A6ECE52846244B00E3C535 /* NetworkManager.swift in Sources */,
				FBCEA49228451E6D0075F7CE /* FilmsTableViewCell.swift in Sources */,
				F0FB60B52844AD33008078E4 /* AppDelegate.swift in Sources */,
				F0FB60B72844AD33008078E4 /* SceneDelegate.swift in Sources */,
				FBCEA49B28451EAB0075F7CE /* Constants.swift in Sources */,
				84E755172846255B008FA395 /* BookmarkViewController.swift in Sources */,
				FBA4E85F2844FB6400E77C7B /* Model.swift in Sources */,
				FBCEA49728451E970075F7CE /* SerialsTableViewCell.swift in Sources */,
				C9A6ECE72846252C00E3C535 /* ResponseMovies.swift in Sources */,
				FBCEA49F28451FB00075F7CE /* DetailViewController.swift in Sources */,
			);
			runOnlyForDeploymentPostprocessing = 0;
		};
/* End PBXSourcesBuildPhase section */

/* Begin PBXVariantGroup section */
		F0FB60BA2844AD33008078E4 /* Main.storyboard */ = {
			isa = PBXVariantGroup;
			children = (
				F0FB60BB2844AD33008078E4 /* Base */,
			);
			name = Main.storyboard;
			sourceTree = "<group>";
		};
		F0FB60BF2844AD34008078E4 /* LaunchScreen.storyboard */ = {
			isa = PBXVariantGroup;
			children = (
				F0FB60C02844AD34008078E4 /* Base */,
			);
			name = LaunchScreen.storyboard;
			sourceTree = "<group>";
		};
/* End PBXVariantGroup section */

/* Begin XCBuildConfiguration section */
		F0FB60C32844AD34008078E4 /* Debug */ = {
			isa = XCBuildConfiguration;
			buildSettings = {
				ALWAYS_SEARCH_USER_PATHS = NO;
				CLANG_ANALYZER_NONNULL = YES;
				CLANG_ANALYZER_NUMBER_OBJECT_CONVERSION = YES_AGGRESSIVE;
				CLANG_CXX_LANGUAGE_STANDARD = "gnu++17";
				CLANG_ENABLE_MODULES = YES;
				CLANG_ENABLE_OBJC_ARC = YES;
				CLANG_ENABLE_OBJC_WEAK = YES;
				CLANG_WARN_BLOCK_CAPTURE_AUTORELEASING = YES;
				CLANG_WARN_BOOL_CONVERSION = YES;
				CLANG_WARN_COMMA = YES;
				CLANG_WARN_CONSTANT_CONVERSION = YES;
				CLANG_WARN_DEPRECATED_OBJC_IMPLEMENTATIONS = YES;
				CLANG_WARN_DIRECT_OBJC_ISA_USAGE = YES_ERROR;
				CLANG_WARN_DOCUMENTATION_COMMENTS = YES;
				CLANG_WARN_EMPTY_BODY = YES;
				CLANG_WARN_ENUM_CONVERSION = YES;
				CLANG_WARN_INFINITE_RECURSION = YES;
				CLANG_WARN_INT_CONVERSION = YES;
				CLANG_WARN_NON_LITERAL_NULL_CONVERSION = YES;
				CLANG_WARN_OBJC_IMPLICIT_RETAIN_SELF = YES;
				CLANG_WARN_OBJC_LITERAL_CONVERSION = YES;
				CLANG_WARN_OBJC_ROOT_CLASS = YES_ERROR;
				CLANG_WARN_QUOTED_INCLUDE_IN_FRAMEWORK_HEADER = YES;
				CLANG_WARN_RANGE_LOOP_ANALYSIS = YES;
				CLANG_WARN_STRICT_PROTOTYPES = YES;
				CLANG_WARN_SUSPICIOUS_MOVE = YES;
				CLANG_WARN_UNGUARDED_AVAILABILITY = YES_AGGRESSIVE;
				CLANG_WARN_UNREACHABLE_CODE = YES;
				CLANG_WARN__DUPLICATE_METHOD_MATCH = YES;
				COPY_PHASE_STRIP = NO;
				DEBUG_INFORMATION_FORMAT = dwarf;
				ENABLE_STRICT_OBJC_MSGSEND = YES;
				ENABLE_TESTABILITY = YES;
				GCC_C_LANGUAGE_STANDARD = gnu11;
				GCC_DYNAMIC_NO_PIC = NO;
				GCC_NO_COMMON_BLOCKS = YES;
				GCC_OPTIMIZATION_LEVEL = 0;
				GCC_PREPROCESSOR_DEFINITIONS = (
					"DEBUG=1",
					"$(inherited)",
				);
				GCC_WARN_64_TO_32_BIT_CONVERSION = YES;
				GCC_WARN_ABOUT_RETURN_TYPE = YES_ERROR;
				GCC_WARN_UNDECLARED_SELECTOR = YES;
				GCC_WARN_UNINITIALIZED_AUTOS = YES_AGGRESSIVE;
				GCC_WARN_UNUSED_FUNCTION = YES;
				GCC_WARN_UNUSED_VARIABLE = YES;
				IPHONEOS_DEPLOYMENT_TARGET = 15.5;
				MTL_ENABLE_DEBUG_INFO = INCLUDE_SOURCE;
				MTL_FAST_MATH = YES;
				ONLY_ACTIVE_ARCH = YES;
				SDKROOT = iphoneos;
				SWIFT_ACTIVE_COMPILATION_CONDITIONS = DEBUG;
				SWIFT_OPTIMIZATION_LEVEL = "-Onone";
			};
			name = Debug;
		};
		F0FB60C42844AD34008078E4 /* Release */ = {
			isa = XCBuildConfiguration;
			buildSettings = {
				ALWAYS_SEARCH_USER_PATHS = NO;
				CLANG_ANALYZER_NONNULL = YES;
				CLANG_ANALYZER_NUMBER_OBJECT_CONVERSION = YES_AGGRESSIVE;
				CLANG_CXX_LANGUAGE_STANDARD = "gnu++17";
				CLANG_ENABLE_MODULES = YES;
				CLANG_ENABLE_OBJC_ARC = YES;
				CLANG_ENABLE_OBJC_WEAK = YES;
				CLANG_WARN_BLOCK_CAPTURE_AUTORELEASING = YES;
				CLANG_WARN_BOOL_CONVERSION = YES;
				CLANG_WARN_COMMA = YES;
				CLANG_WARN_CONSTANT_CONVERSION = YES;
				CLANG_WARN_DEPRECATED_OBJC_IMPLEMENTATIONS = YES;
				CLANG_WARN_DIRECT_OBJC_ISA_USAGE = YES_ERROR;
				CLANG_WARN_DOCUMENTATION_COMMENTS = YES;
				CLANG_WARN_EMPTY_BODY = YES;
				CLANG_WARN_ENUM_CONVERSION = YES;
				CLANG_WARN_INFINITE_RECURSION = YES;
				CLANG_WARN_INT_CONVERSION = YES;
				CLANG_WARN_NON_LITERAL_NULL_CONVERSION = YES;
				CLANG_WARN_OBJC_IMPLICIT_RETAIN_SELF = YES;
				CLANG_WARN_OBJC_LITERAL_CONVERSION = YES;
				CLANG_WARN_OBJC_ROOT_CLASS = YES_ERROR;
				CLANG_WARN_QUOTED_INCLUDE_IN_FRAMEWORK_HEADER = YES;
				CLANG_WARN_RANGE_LOOP_ANALYSIS = YES;
				CLANG_WARN_STRICT_PROTOTYPES = YES;
				CLANG_WARN_SUSPICIOUS_MOVE = YES;
				CLANG_WARN_UNGUARDED_AVAILABILITY = YES_AGGRESSIVE;
				CLANG_WARN_UNREACHABLE_CODE = YES;
				CLANG_WARN__DUPLICATE_METHOD_MATCH = YES;
				COPY_PHASE_STRIP = NO;
				DEBUG_INFORMATION_FORMAT = "dwarf-with-dsym";
				ENABLE_NS_ASSERTIONS = NO;
				ENABLE_STRICT_OBJC_MSGSEND = YES;
				GCC_C_LANGUAGE_STANDARD = gnu11;
				GCC_NO_COMMON_BLOCKS = YES;
				GCC_WARN_64_TO_32_BIT_CONVERSION = YES;
				GCC_WARN_ABOUT_RETURN_TYPE = YES_ERROR;
				GCC_WARN_UNDECLARED_SELECTOR = YES;
				GCC_WARN_UNINITIALIZED_AUTOS = YES_AGGRESSIVE;
				GCC_WARN_UNUSED_FUNCTION = YES;
				GCC_WARN_UNUSED_VARIABLE = YES;
				IPHONEOS_DEPLOYMENT_TARGET = 15.5;
				MTL_ENABLE_DEBUG_INFO = NO;
				MTL_FAST_MATH = YES;
				SDKROOT = iphoneos;
				SWIFT_COMPILATION_MODE = wholemodule;
				SWIFT_OPTIMIZATION_LEVEL = "-O";
				VALIDATE_PRODUCT = YES;
			};
			name = Release;
		};
		F0FB60C62844AD34008078E4 /* Debug */ = {
			isa = XCBuildConfiguration;
			buildSettings = {
				ASSETCATALOG_COMPILER_APPICON_NAME = AppIcon;
				ASSETCATALOG_COMPILER_GLOBAL_ACCENT_COLOR_NAME = AccentColor;
				CODE_SIGN_STYLE = Automatic;
				CURRENT_PROJECT_VERSION = 1;
				DEVELOPMENT_TEAM = SXUXZ8BAAD;
				GENERATE_INFOPLIST_FILE = YES;
				INFOPLIST_FILE = ItakSoidetMovve/Info.plist;
				INFOPLIST_KEY_UIApplicationSupportsIndirectInputEvents = YES;
				INFOPLIST_KEY_UILaunchStoryboardName = LaunchScreen;
				INFOPLIST_KEY_UIMainStoryboardFile = Main;
				INFOPLIST_KEY_UISupportedInterfaceOrientations = UIInterfaceOrientationPortrait;
				INFOPLIST_KEY_UISupportedInterfaceOrientations_iPad = "UIInterfaceOrientationPortrait UIInterfaceOrientationPortraitUpsideDown UIInterfaceOrientationLandscapeLeft UIInterfaceOrientationLandscapeRight";
				INFOPLIST_KEY_UISupportedInterfaceOrientations_iPhone = "UIInterfaceOrientationPortrait UIInterfaceOrientationLandscapeLeft UIInterfaceOrientationLandscapeRight";
				IPHONEOS_DEPLOYMENT_TARGET = 13.0;
				LD_RUNPATH_SEARCH_PATHS = (
					"$(inherited)",
					"@executable_path/Frameworks",
				);
				MARKETING_VERSION = 1.0;
				PRODUCT_BUNDLE_IDENTIFIER = com.polinaDusin.ItakSoidetMovve;
				PRODUCT_NAME = "$(TARGET_NAME)";
				SWIFT_EMIT_LOC_STRINGS = YES;
				SWIFT_VERSION = 5.0;
				TARGETED_DEVICE_FAMILY = 1;
			};
			name = Debug;
		};
		F0FB60C72844AD34008078E4 /* Release */ = {
			isa = XCBuildConfiguration;
			buildSettings = {
				ASSETCATALOG_COMPILER_APPICON_NAME = AppIcon;
				ASSETCATALOG_COMPILER_GLOBAL_ACCENT_COLOR_NAME = AccentColor;
				CODE_SIGN_STYLE = Automatic;
				CURRENT_PROJECT_VERSION = 1;
				DEVELOPMENT_TEAM = SXUXZ8BAAD;
				GENERATE_INFOPLIST_FILE = YES;
				INFOPLIST_FILE = ItakSoidetMovve/Info.plist;
				INFOPLIST_KEY_UIApplicationSupportsIndirectInputEvents = YES;
				INFOPLIST_KEY_UILaunchStoryboardName = LaunchScreen;
				INFOPLIST_KEY_UIMainStoryboardFile = Main;
				INFOPLIST_KEY_UISupportedInterfaceOrientations = UIInterfaceOrientationPortrait;
				INFOPLIST_KEY_UISupportedInterfaceOrientations_iPad = "UIInterfaceOrientationPortrait UIInterfaceOrientationPortraitUpsideDown UIInterfaceOrientationLandscapeLeft UIInterfaceOrientationLandscapeRight";
				INFOPLIST_KEY_UISupportedInterfaceOrientations_iPhone = "UIInterfaceOrientationPortrait UIInterfaceOrientationLandscapeLeft UIInterfaceOrientationLandscapeRight";
				IPHONEOS_DEPLOYMENT_TARGET = 13.0;
				LD_RUNPATH_SEARCH_PATHS = (
					"$(inherited)",
					"@executable_path/Frameworks",
				);
				MARKETING_VERSION = 1.0;
				PRODUCT_BUNDLE_IDENTIFIER = com.polinaDusin.ItakSoidetMovve;
				PRODUCT_NAME = "$(TARGET_NAME)";
				SWIFT_EMIT_LOC_STRINGS = YES;
				SWIFT_VERSION = 5.0;
				TARGETED_DEVICE_FAMILY = 1;
			};
			name = Release;
		};
/* End XCBuildConfiguration section */

/* Begin XCConfigurationList section */
		F0FB60AC2844AD33008078E4 /* Build configuration list for PBXProject "ItakSoidetMovve" */ = {
			isa = XCConfigurationList;
			buildConfigurations = (
				F0FB60C32844AD34008078E4 /* Debug */,
				F0FB60C42844AD34008078E4 /* Release */,
			);
			defaultConfigurationIsVisible = 0;
			defaultConfigurationName = Release;
		};
		F0FB60C52844AD34008078E4 /* Build configuration list for PBXNativeTarget "ItakSoidetMovve" */ = {
			isa = XCConfigurationList;
			buildConfigurations = (
				F0FB60C62844AD34008078E4 /* Debug */,
				F0FB60C72844AD34008078E4 /* Release */,
			);
			defaultConfigurationIsVisible = 0;
			defaultConfigurationName = Release;
		};
/* End XCConfigurationList section */
	};
	rootObject = F0FB60A92844AD33008078E4 /* Project object */;
}
